
Microsoft Visual Studio Solution File, Format Version 12.00
# Visual Studio Version 16
VisualStudioVersion = 16.0.32002.261
MinimumVisualStudioVersion = 10.0.40219.1
Project("{FAE04EC0-301F-11D3-BF4B-00C04F79EFBC}") = "WarChessConn3ct", "WarChessConn3ct\WarChessConn3ct.csproj", "{C5B2E2AF-5607-415F-844A-43EB7F180ACF}"
EndProject
Global
	GlobalSection(SolutionConfigurationPlatforms) = preSolution
		Debug|Any CPU = Debug|Any CPU
		Release|Any CPU = Release|Any CPU
	EndGlobalSection
	GlobalSection(ProjectConfigurationPlatforms) = postSolution
		{C5B2E2AF-5607-415F-844A-43EB7F180ACF}.Debug|Any CPU.ActiveCfg = Debug|Any CPU
		{C5B2E2AF-5607-415F-844A-43EB7F180ACF}.Debug|Any CPU.Build.0 = Debug|Any CPU
		{C5B2E2AF-5607-415F-844A-43EB7F180ACF}.Release|Any CPU.ActiveCfg = Release|Any CPU
		{C5B2E2AF-5607-415F-844A-43EB7F180ACF}.Release|Any CPU.Build.0 = Release|Any CPU
	EndGlobalSection
	GlobalSection(SolutionProperties) = preSolution
		HideSolutionNode = FALSE
	EndGlobalSection
	GlobalSection(ExtensibilityGlobals) = postSolution
		SolutionGuid = {D2E843AA-4DF7-4554-A087-C6EF62E0EF7F}
	EndGlobalSection
EndGlobal
